
Microsoft Visual Studio Solution File, Format Version 12.00
# Visual Studio Version 17
VisualStudioVersion = 17.3.32901.215
MinimumVisualStudioVersion = 10.0.40219.1
Project("{FAE04EC0-301F-11D3-BF4B-00C04F79EFBC}") = "WheateForecast", "WheateForecast\WheateForecast.csproj", "{7120E6CB-B667-44FC-8368-609F926946EA}"
EndProject
Global
	GlobalSection(SolutionConfigurationPlatforms) = preSolution
		Debug|Any CPU = Debug|Any CPU
		Release|Any CPU = Release|Any CPU
	EndGlobalSection
	GlobalSection(ProjectConfigurationPlatforms) = postSolution
		{7120E6CB-B667-44FC-8368-609F926946EA}.Debug|Any CPU.ActiveCfg = Debug|Any CPU
		{7120E6CB-B667-44FC-8368-609F926946EA}.Debug|Any CPU.Build.0 = Debug|Any CPU
		{7120E6CB-B667-44FC-8368-609F926946EA}.Release|Any CPU.ActiveCfg = Release|Any CPU
		{7120E6CB-B667-44FC-8368-609F926946EA}.Release|Any CPU.Build.0 = Release|Any CPU
	EndGlobalSection
	GlobalSection(SolutionProperties) = preSolution
		HideSolutionNode = FALSE
	EndGlobalSection
	GlobalSection(ExtensibilityGlobals) = postSolution
		SolutionGuid = {1E57A5BC-EB7E-45D2-B6D5-D44E4BBDCD33}
	EndGlobalSection
EndGlobal
